
Microsoft Visual Studio Solution File, Format Version 12.00
# Visual Studio Version 16
VisualStudioVersion = 16.0.30621.155
MinimumVisualStudioVersion = 10.0.40219.1
Project("{FAE04EC0-301F-11D3-BF4B-00C04F79EFBC}") = "BND Bot", "BND Bot.csproj", "{9BCCF6DA-0C5C-4174-BEB2-9A101D8678FD}"
EndProject
Global
	GlobalSection(SolutionConfigurationPlatforms) = preSolution
		Debug|Any CPU = Debug|Any CPU
		Release|Any CPU = Release|Any CPU
	EndGlobalSection
	GlobalSection(ProjectConfigurationPlatforms) = postSolution
		{9BCCF6DA-0C5C-4174-BEB2-9A101D8678FD}.Debug|Any CPU.ActiveCfg = Debug|Any CPU
		{9BCCF6DA-0C5C-4174-BEB2-9A101D8678FD}.Debug|Any CPU.Build.0 = Debug|Any CPU
		{9BCCF6DA-0C5C-4174-BEB2-9A101D8678FD}.Release|Any CPU.ActiveCfg = Release|Any CPU
		{9BCCF6DA-0C5C-4174-BEB2-9A101D8678FD}.Release|Any CPU.Build.0 = Release|Any CPU
	EndGlobalSection
	GlobalSection(SolutionProperties) = preSolution
		HideSolutionNode = FALSE
	EndGlobalSection
	GlobalSection(ExtensibilityGlobals) = postSolution
		SolutionGuid = {21A8F471-A281-4C81-8546-E73F84DF2B5D}
	EndGlobalSection
EndGlobal
